
Microsoft Visual Studio Solution File, Format Version 12.00
# Visual Studio 15
VisualStudioVersion = 15.0.34112.143
MinimumVisualStudioVersion = 10.0.40219.1
Project("{FAE04EC0-301F-11D3-BF4B-00C04F79EFBC}") = "KnjiznicaProjekt", "KnjiznicaProjekt\KnjiznicaProjekt.csproj", "{990C328B-AAD5-41C1-917C-0428BBC4168B}"
EndProject
Project("{FAE04EC0-301F-11D3-BF4B-00C04F79EFBC}") = "KnjiznjicaUI", "KnjiznjicaUI\KnjiznjicaUI.csproj", "{2BCD2947-FD2A-445D-B556-2D8323B68E94}"
EndProject
Global
	GlobalSection(SolutionConfigurationPlatforms) = preSolution
		Debug|Any CPU = Debug|Any CPU
		Release|Any CPU = Release|Any CPU
	EndGlobalSection
	GlobalSection(ProjectConfigurationPlatforms) = postSolution
		{990C328B-AAD5-41C1-917C-0428BBC4168B}.Debug|Any CPU.ActiveCfg = Debug|Any CPU
		{990C328B-AAD5-41C1-917C-0428BBC4168B}.Debug|Any CPU.Build.0 = Debug|Any CPU
		{990C328B-AAD5-41C1-917C-0428BBC4168B}.Release|Any CPU.ActiveCfg = Release|Any CPU
		{990C328B-AAD5-41C1-917C-0428BBC4168B}.Release|Any CPU.Build.0 = Release|Any CPU
		{2BCD2947-FD2A-445D-B556-2D8323B68E94}.Debug|Any CPU.ActiveCfg = Debug|Any CPU
		{2BCD2947-FD2A-445D-B556-2D8323B68E94}.Debug|Any CPU.Build.0 = Debug|Any CPU
		{2BCD2947-FD2A-445D-B556-2D8323B68E94}.Release|Any CPU.ActiveCfg = Release|Any CPU
		{2BCD2947-FD2A-445D-B556-2D8323B68E94}.Release|Any CPU.Build.0 = Release|Any CPU
	EndGlobalSection
	GlobalSection(SolutionProperties) = preSolution
		HideSolutionNode = FALSE
	EndGlobalSection
	GlobalSection(ExtensibilityGlobals) = postSolution
		SolutionGuid = {7F61D380-0582-4FD7-9C53-B4E2D0488E24}
	EndGlobalSection
EndGlobal
